
Microsoft Visual Studio Solution File, Format Version 12.00
# Visual Studio Version 16
VisualStudioVersion = 16.0.29709.97
MinimumVisualStudioVersion = 10.0.40219.1
Project("{FAE04EC0-301F-11D3-BF4B-00C04F79EFBC}") = "ExpensesAPI", "ExpensesAPI.csproj", "{36E30567-D347-44C3-A4AC-ADF795ECB41C}"
EndProject
Global
	GlobalSection(SolutionConfigurationPlatforms) = preSolution
		Debug|Any CPU = Debug|Any CPU
		Release|Any CPU = Release|Any CPU
	EndGlobalSection
	GlobalSection(ProjectConfigurationPlatforms) = postSolution
		{36E30567-D347-44C3-A4AC-ADF795ECB41C}.Debug|Any CPU.ActiveCfg = Debug|Any CPU
		{36E30567-D347-44C3-A4AC-ADF795ECB41C}.Debug|Any CPU.Build.0 = Debug|Any CPU
		{36E30567-D347-44C3-A4AC-ADF795ECB41C}.Release|Any CPU.ActiveCfg = Release|Any CPU
		{36E30567-D347-44C3-A4AC-ADF795ECB41C}.Release|Any CPU.Build.0 = Release|Any CPU
	EndGlobalSection
	GlobalSection(SolutionProperties) = preSolution
		HideSolutionNode = FALSE
	EndGlobalSection
	GlobalSection(ExtensibilityGlobals) = postSolution
		SolutionGuid = {75E3E6A2-DF40-4BAD-8A73-8DCC7B935D4E}
	EndGlobalSection
EndGlobal
